
Microsoft Visual Studio Solution File, Format Version 12.00
# Visual Studio Version 17
VisualStudioVersion = 17.1.32414.318
MinimumVisualStudioVersion = 10.0.40219.1
Project("{FAE04EC0-301F-11D3-BF4B-00C04F79EFBC}") = "FriendStorage.UI", "FriendStorage.UI\FriendStorage.UI.csproj", "{BFB9FF08-8F74-4DDA-97BC-FB9946A2BA18}"
EndProject
Global
	GlobalSection(SolutionConfigurationPlatforms) = preSolution
		Debug|Any CPU = Debug|Any CPU
		Release|Any CPU = Release|Any CPU
	EndGlobalSection
	GlobalSection(ProjectConfigurationPlatforms) = postSolution
		{BFB9FF08-8F74-4DDA-97BC-FB9946A2BA18}.Debug|Any CPU.ActiveCfg = Debug|Any CPU
		{BFB9FF08-8F74-4DDA-97BC-FB9946A2BA18}.Debug|Any CPU.Build.0 = Debug|Any CPU
		{BFB9FF08-8F74-4DDA-97BC-FB9946A2BA18}.Release|Any CPU.ActiveCfg = Release|Any CPU
		{BFB9FF08-8F74-4DDA-97BC-FB9946A2BA18}.Release|Any CPU.Build.0 = Release|Any CPU
	EndGlobalSection
	GlobalSection(SolutionProperties) = preSolution
		HideSolutionNode = FALSE
	EndGlobalSection
	GlobalSection(ExtensibilityGlobals) = postSolution
		SolutionGuid = {55E562AA-8ECE-4D50-9D01-56BCD27D7C41}
	EndGlobalSection
EndGlobal
